
Microsoft Visual Studio Solution File, Format Version 12.00
# Visual Studio 15
VisualStudioVersion = 15.0.28010.2019
MinimumVisualStudioVersion = 10.0.40219.1
Project("{8BC9CEB8-8B4A-11D0-8D11-00A0C91BC942}") = "SFML2", "SFML2\SFML2.vcxproj", "{CD84EAE5-B715-4D54-85F6-4796926B862E}"
EndProject
Global
	GlobalSection(SolutionConfigurationPlatforms) = preSolution
		Debug|x64 = Debug|x64
		Debug|x86 = Debug|x86
		Release|x64 = Release|x64
		Release|x86 = Release|x86
	EndGlobalSection
	GlobalSection(ProjectConfigurationPlatforms) = postSolution
		{CD84EAE5-B715-4D54-85F6-4796926B862E}.Debug|x64.ActiveCfg = Debug|x64
		{CD84EAE5-B715-4D54-85F6-4796926B862E}.Debug|x64.Build.0 = Debug|x64
		{CD84EAE5-B715-4D54-85F6-4796926B862E}.Debug|x86.ActiveCfg = Debug|Win32
		{CD84EAE5-B715-4D54-85F6-4796926B862E}.Debug|x86.Build.0 = Debug|Win32
		{CD84EAE5-B715-4D54-85F6-4796926B862E}.Release|x64.ActiveCfg = Release|x64
		{CD84EAE5-B715-4D54-85F6-4796926B862E}.Release|x64.Build.0 = Release|x64
		{CD84EAE5-B715-4D54-85F6-4796926B862E}.Release|x86.ActiveCfg = Release|Win32
		{CD84EAE5-B715-4D54-85F6-4796926B862E}.Release|x86.Build.0 = Release|Win32
	EndGlobalSection
	GlobalSection(SolutionProperties) = preSolution
		HideSolutionNode = FALSE
	EndGlobalSection
	GlobalSection(ExtensibilityGlobals) = postSolution
		SolutionGuid = {D1F59907-798E-4139-ACB9-CC15C7F8C33C}
	EndGlobalSection
EndGlobal
